
Microsoft Visual Studio Solution File, Format Version 12.00
# Visual Studio Version 16
VisualStudioVersion = 16.0.30907.101
MinimumVisualStudioVersion = 10.0.40219.1
Project("{FAE04EC0-301F-11D3-BF4B-00C04F79EFBC}") = "Instruction1", "Instruction1.csproj", "{48D53552-88CA-40FA-95B9-D4531C855DF0}"
EndProject
Global
	GlobalSection(SolutionConfigurationPlatforms) = preSolution
		Debug|Any CPU = Debug|Any CPU
		Release|Any CPU = Release|Any CPU
	EndGlobalSection
	GlobalSection(ProjectConfigurationPlatforms) = postSolution
		{48D53552-88CA-40FA-95B9-D4531C855DF0}.Debug|Any CPU.ActiveCfg = Debug|Any CPU
		{48D53552-88CA-40FA-95B9-D4531C855DF0}.Debug|Any CPU.Build.0 = Debug|Any CPU
		{48D53552-88CA-40FA-95B9-D4531C855DF0}.Release|Any CPU.ActiveCfg = Release|Any CPU
		{48D53552-88CA-40FA-95B9-D4531C855DF0}.Release|Any CPU.Build.0 = Release|Any CPU
	EndGlobalSection
	GlobalSection(SolutionProperties) = preSolution
		HideSolutionNode = FALSE
	EndGlobalSection
	GlobalSection(ExtensibilityGlobals) = postSolution
		SolutionGuid = {0E7A1651-F523-477E-950F-206943056E1A}
	EndGlobalSection
EndGlobal
