
Microsoft Visual Studio Solution File, Format Version 12.00
# Visual Studio Version 16
VisualStudioVersion = 16.0.30907.101
MinimumVisualStudioVersion = 10.0.40219.1
Project("{FAE04EC0-301F-11D3-BF4B-00C04F79EFBC}") = "Instruction 4", "Instruction 4.csproj", "{99F5D8DC-32BE-465D-97D5-46AA2BEEEACD}"
EndProject
Global
	GlobalSection(SolutionConfigurationPlatforms) = preSolution
		Debug|Any CPU = Debug|Any CPU
		Release|Any CPU = Release|Any CPU
	EndGlobalSection
	GlobalSection(ProjectConfigurationPlatforms) = postSolution
		{99F5D8DC-32BE-465D-97D5-46AA2BEEEACD}.Debug|Any CPU.ActiveCfg = Debug|Any CPU
		{99F5D8DC-32BE-465D-97D5-46AA2BEEEACD}.Debug|Any CPU.Build.0 = Debug|Any CPU
		{99F5D8DC-32BE-465D-97D5-46AA2BEEEACD}.Release|Any CPU.ActiveCfg = Release|Any CPU
		{99F5D8DC-32BE-465D-97D5-46AA2BEEEACD}.Release|Any CPU.Build.0 = Release|Any CPU
	EndGlobalSection
	GlobalSection(SolutionProperties) = preSolution
		HideSolutionNode = FALSE
	EndGlobalSection
	GlobalSection(ExtensibilityGlobals) = postSolution
		SolutionGuid = {7B19814C-57C3-4204-94A3-D3EA8C44BC11}
	EndGlobalSection
EndGlobal
